
Microsoft Visual Studio Solution File, Format Version 12.00
# Visual Studio Version 17
VisualStudioVersion = 17.0.32126.317
MinimumVisualStudioVersion = 10.0.40219.1
Project("{FAE04EC0-301F-11D3-BF4B-00C04F79EFBC}") = "MojoAuth.NET.WebAppSample", "MojoAuth.NET.WebAppSample.csproj", "{479A7526-78DA-47A2-94FE-827547AE9A47}"
EndProject
Project("{9A19103F-16F7-4668-BE54-9A1E7A4F7556}") = "MojoAuth.NET", "..\..\Source\MojoAuth.NET\MojoAuth.NET.csproj", "{A0250BFA-2D0D-40B4-9FAE-AF071F6BE77D}"
EndProject
Global
	GlobalSection(SolutionConfigurationPlatforms) = preSolution
		Debug|Any CPU = Debug|Any CPU
		Release|Any CPU = Release|Any CPU
	EndGlobalSection
	GlobalSection(ProjectConfigurationPlatforms) = postSolution
		{479A7526-78DA-47A2-94FE-827547AE9A47}.Debug|Any CPU.ActiveCfg = Debug|Any CPU
		{479A7526-78DA-47A2-94FE-827547AE9A47}.Debug|Any CPU.Build.0 = Debug|Any CPU
		{479A7526-78DA-47A2-94FE-827547AE9A47}.Release|Any CPU.ActiveCfg = Release|Any CPU
		{479A7526-78DA-47A2-94FE-827547AE9A47}.Release|Any CPU.Build.0 = Release|Any CPU
		{A0250BFA-2D0D-40B4-9FAE-AF071F6BE77D}.Debug|Any CPU.ActiveCfg = Debug|Any CPU
		{A0250BFA-2D0D-40B4-9FAE-AF071F6BE77D}.Debug|Any CPU.Build.0 = Debug|Any CPU
		{A0250BFA-2D0D-40B4-9FAE-AF071F6BE77D}.Release|Any CPU.ActiveCfg = Release|Any CPU
		{A0250BFA-2D0D-40B4-9FAE-AF071F6BE77D}.Release|Any CPU.Build.0 = Release|Any CPU
	EndGlobalSection
	GlobalSection(SolutionProperties) = preSolution
		HideSolutionNode = FALSE
	EndGlobalSection
	GlobalSection(ExtensibilityGlobals) = postSolution
		SolutionGuid = {10CED239-5F64-43F1-B138-9906A0CCCF22}
	EndGlobalSection
EndGlobal
